
Microsoft Visual Studio Solution File, Format Version 12.00
# Visual Studio 15
VisualStudioVersion = 15.0.28010.2016
MinimumVisualStudioVersion = 10.0.40219.1
Project("{FAE04EC0-301F-11D3-BF4B-00C04F79EFBC}") = "HelloWorld", "HelloWorld\HelloWorld.csproj", "{CFA70E52-2689-4FB2-9542-E0C67761C5A2}"
EndProject
Global
	GlobalSection(SolutionConfigurationPlatforms) = preSolution
		Debug|Any CPU = Debug|Any CPU
		Release|Any CPU = Release|Any CPU
	EndGlobalSection
	GlobalSection(ProjectConfigurationPlatforms) = postSolution
		{CFA70E52-2689-4FB2-9542-E0C67761C5A2}.Debug|Any CPU.ActiveCfg = Debug|Any CPU
		{CFA70E52-2689-4FB2-9542-E0C67761C5A2}.Debug|Any CPU.Build.0 = Debug|Any CPU
		{CFA70E52-2689-4FB2-9542-E0C67761C5A2}.Release|Any CPU.ActiveCfg = Release|Any CPU
		{CFA70E52-2689-4FB2-9542-E0C67761C5A2}.Release|Any CPU.Build.0 = Release|Any CPU
	EndGlobalSection
	GlobalSection(SolutionProperties) = preSolution
		HideSolutionNode = FALSE
	EndGlobalSection
	GlobalSection(ExtensibilityGlobals) = postSolution
		SolutionGuid = {66AC20FD-064A-4C10-AB37-7EF32BF58E8C}
	EndGlobalSection
EndGlobal
